
Microsoft Visual Studio Solution File, Format Version 12.00
# Visual Studio Version 17
VisualStudioVersion = 17.2.32602.215
MinimumVisualStudioVersion = 10.0.40219.1
Project("{FAE04EC0-301F-11D3-BF4B-00C04F79EFBC}") = "Stack_and_Queue", "Stack_and_Queue.csproj", "{5A442148-50FE-466B-9C07-CE8628FBA31F}"
EndProject
Global
	GlobalSection(SolutionConfigurationPlatforms) = preSolution
		Debug|Any CPU = Debug|Any CPU
		Release|Any CPU = Release|Any CPU
	EndGlobalSection
	GlobalSection(ProjectConfigurationPlatforms) = postSolution
		{5A442148-50FE-466B-9C07-CE8628FBA31F}.Debug|Any CPU.ActiveCfg = Debug|Any CPU
		{5A442148-50FE-466B-9C07-CE8628FBA31F}.Debug|Any CPU.Build.0 = Debug|Any CPU
		{5A442148-50FE-466B-9C07-CE8628FBA31F}.Release|Any CPU.ActiveCfg = Release|Any CPU
		{5A442148-50FE-466B-9C07-CE8628FBA31F}.Release|Any CPU.Build.0 = Release|Any CPU
	EndGlobalSection
	GlobalSection(SolutionProperties) = preSolution
		HideSolutionNode = FALSE
	EndGlobalSection
	GlobalSection(ExtensibilityGlobals) = postSolution
		SolutionGuid = {949075C2-8489-40AA-B48D-CDD3B52D5485}
	EndGlobalSection
EndGlobal
